
Microsoft Visual Studio Solution File, Format Version 12.00
# Visual Studio Version 17
VisualStudioVersion = 17.3.32922.545
MinimumVisualStudioVersion = 10.0.40219.1
Project("{9A19103F-16F7-4668-BE54-9A1E7A4F7556}") = "Web_QuanLyCuaHang_OOP", "DoAn_OOP\Web_QuanLyCuaHang_OOP.csproj", "{2FACF0A8-40A4-40D8-A72B-AA69F2421B6F}"
EndProject
Project("{FAE04EC0-301F-11D3-BF4B-00C04F79EFBC}") = "QuanLyCuaHang_Services", "QuanLyCuaHang_Services\QuanLyCuaHang_Services.csproj", "{C1B47DC3-DB24-487C-9030-701FC2F74A22}"
EndProject
Project("{FAE04EC0-301F-11D3-BF4B-00C04F79EFBC}") = "QuanLyCuaHang_DAL", "QuanLyCuaHang_DAL\QuanLyCuaHang_DAL.csproj", "{71250E24-39A4-464D-B804-6EC40CDC1075}"
EndProject
Project("{FAE04EC0-301F-11D3-BF4B-00C04F79EFBC}") = "QuanLyCuaHang_Entities", "QuanLyCuaHang_Entities\QuanLyCuaHang_Entities.csproj", "{2CFFEB77-E4CD-4DB3-99E0-C93B10C8670C}"
EndProject
Global
	GlobalSection(SolutionConfigurationPlatforms) = preSolution
		Debug|Any CPU = Debug|Any CPU
		Release|Any CPU = Release|Any CPU
	EndGlobalSection
	GlobalSection(ProjectConfigurationPlatforms) = postSolution
		{2FACF0A8-40A4-40D8-A72B-AA69F2421B6F}.Debug|Any CPU.ActiveCfg = Debug|Any CPU
		{2FACF0A8-40A4-40D8-A72B-AA69F2421B6F}.Debug|Any CPU.Build.0 = Debug|Any CPU
		{2FACF0A8-40A4-40D8-A72B-AA69F2421B6F}.Release|Any CPU.ActiveCfg = Release|Any CPU
		{2FACF0A8-40A4-40D8-A72B-AA69F2421B6F}.Release|Any CPU.Build.0 = Release|Any CPU
		{C1B47DC3-DB24-487C-9030-701FC2F74A22}.Debug|Any CPU.ActiveCfg = Debug|Any CPU
		{C1B47DC3-DB24-487C-9030-701FC2F74A22}.Debug|Any CPU.Build.0 = Debug|Any CPU
		{C1B47DC3-DB24-487C-9030-701FC2F74A22}.Release|Any CPU.ActiveCfg = Release|Any CPU
		{C1B47DC3-DB24-487C-9030-701FC2F74A22}.Release|Any CPU.Build.0 = Release|Any CPU
		{71250E24-39A4-464D-B804-6EC40CDC1075}.Debug|Any CPU.ActiveCfg = Debug|Any CPU
		{71250E24-39A4-464D-B804-6EC40CDC1075}.Debug|Any CPU.Build.0 = Debug|Any CPU
		{71250E24-39A4-464D-B804-6EC40CDC1075}.Release|Any CPU.ActiveCfg = Release|Any CPU
		{71250E24-39A4-464D-B804-6EC40CDC1075}.Release|Any CPU.Build.0 = Release|Any CPU
		{2CFFEB77-E4CD-4DB3-99E0-C93B10C8670C}.Debug|Any CPU.ActiveCfg = Debug|Any CPU
		{2CFFEB77-E4CD-4DB3-99E0-C93B10C8670C}.Debug|Any CPU.Build.0 = Debug|Any CPU
		{2CFFEB77-E4CD-4DB3-99E0-C93B10C8670C}.Release|Any CPU.ActiveCfg = Release|Any CPU
		{2CFFEB77-E4CD-4DB3-99E0-C93B10C8670C}.Release|Any CPU.Build.0 = Release|Any CPU
	EndGlobalSection
	GlobalSection(SolutionProperties) = preSolution
		HideSolutionNode = FALSE
	EndGlobalSection
	GlobalSection(ExtensibilityGlobals) = postSolution
		SolutionGuid = {9B3E4740-DE38-4222-8115-193FE1D41D2C}
	EndGlobalSection
EndGlobal
